{
  "name": "@actions-kit/pip",
  "version": "0.1.0",
  "lockfileVersion": 2,
  "requires": true,
  "packages": {
    "": {
      "name": "@actions-kit/pip",
      "version": "0.1.0",
      "license": "MIT",
      "dependencies": {
        "@actions-kit/exec": "^0.1.0"
      }
    },
    "node_modules/@actions-kit/exec": {
      "version": "0.1.0",
      "resolved": "https://registry.npmjs.org/@actions-kit/exec/-/exec-0.1.0.tgz",
      "integrity": "sha512-HPIqXGDCuVMVHiRf+Qv+gHaNdkc7MDDLHpeB91kksKUhVNA8DGYR5aX4lUkH+XLuq0Q3plIPqls6fbcAVkGOQQ==",
      "dependencies": {
        "@actions/exec": "^1.1.1"
      }
    },
    "node_modules/@actions/exec": {
      "version": "1.1.1",
      "resolved": "https://registry.npmjs.org/@actions/exec/-/exec-1.1.1.tgz",
      "integrity": "sha512-+sCcHHbVdk93a0XT19ECtO/gIXoxvdsgQLzb2fE2/5sIZmWQuluYyjPQtrtTHdU1YzTZ7bAPN4sITq2xi1679w==",
      "dependencies": {
        "@actions/io": "^1.0.1"
      }
    },
    "node_modules/@actions/io": {
      "version": "1.1.3",
      "resolved": "https://registry.npmjs.org/@actions/io/-/io-1.1.3.tgz",
      "integrity": "sha512-wi9JjgKLYS7U/z8PPbco+PvTb/nRWjeoFlJ1Qer83k/3C5PHQi28hiVdeE2kHXmIL99mQFawx8qt/JPjZilJ8Q=="
    }
  },
  "dependencies": {
    "@actions-kit/exec": {
      "version": "0.1.0",
      "resolved": "https://registry.npmjs.org/@actions-kit/exec/-/exec-0.1.0.tgz",
      "integrity": "sha512-HPIqXGDCuVMVHiRf+Qv+gHaNdkc7MDDLHpeB91kksKUhVNA8DGYR5aX4lUkH+XLuq0Q3plIPqls6fbcAVkGOQQ==",
      "requires": {
        "@actions/exec": "^1.1.1"
      }
    },
    "@actions/exec": {
      "version": "1.1.1",
      "resolved": "https://registry.npmjs.org/@actions/exec/-/exec-1.1.1.tgz",
      "integrity": "sha512-+sCcHHbVdk93a0XT19ECtO/gIXoxvdsgQLzb2fE2/5sIZmWQuluYyjPQtrtTHdU1YzTZ7bAPN4sITq2xi1679w==",
      "requires": {
        "@actions/io": "^1.0.1"
      }
    },
    "@actions/io": {
      "version": "1.1.3",
      "resolved": "https://registry.npmjs.org/@actions/io/-/io-1.1.3.tgz",
      "integrity": "sha512-wi9JjgKLYS7U/z8PPbco+PvTb/nRWjeoFlJ1Qer83k/3C5PHQi28hiVdeE2kHXmIL99mQFawx8qt/JPjZilJ8Q=="
    }
  }
}
